
Microsoft Visual Studio Solution File, Format Version 12.00
# Visual Studio Version 17
VisualStudioVersion = 17.2.32519.379
MinimumVisualStudioVersion = 10.0.40219.1
Project("{8BC9CEB8-8B4A-11D0-8D11-00A0C91BC942}") = "List_array", "List_array.vcxproj", "{EE6969E0-544B-47BE-8CF7-BE0303D632F3}"
EndProject
Global
	GlobalSection(SolutionConfigurationPlatforms) = preSolution
		Debug|x64 = Debug|x64
		Debug|x86 = Debug|x86
		Release|x64 = Release|x64
		Release|x86 = Release|x86
	EndGlobalSection
	GlobalSection(ProjectConfigurationPlatforms) = postSolution
		{EE6969E0-544B-47BE-8CF7-BE0303D632F3}.Debug|x64.ActiveCfg = Debug|x64
		{EE6969E0-544B-47BE-8CF7-BE0303D632F3}.Debug|x64.Build.0 = Debug|x64
		{EE6969E0-544B-47BE-8CF7-BE0303D632F3}.Debug|x86.ActiveCfg = Debug|Win32
		{EE6969E0-544B-47BE-8CF7-BE0303D632F3}.Debug|x86.Build.0 = Debug|Win32
		{EE6969E0-544B-47BE-8CF7-BE0303D632F3}.Release|x64.ActiveCfg = Release|x64
		{EE6969E0-544B-47BE-8CF7-BE0303D632F3}.Release|x64.Build.0 = Release|x64
		{EE6969E0-544B-47BE-8CF7-BE0303D632F3}.Release|x86.ActiveCfg = Release|Win32
		{EE6969E0-544B-47BE-8CF7-BE0303D632F3}.Release|x86.Build.0 = Release|Win32
	EndGlobalSection
	GlobalSection(SolutionProperties) = preSolution
		HideSolutionNode = FALSE
	EndGlobalSection
	GlobalSection(ExtensibilityGlobals) = postSolution
		SolutionGuid = {EF93C855-B4BA-4813-AB8A-1BAF78CA0A9F}
	EndGlobalSection
EndGlobal
